{
  "version": "5",
  "specifiers": {
    "npm:@orpc/client@^1.13.4": "1.13.4",
    "npm:@preact/signals@^2.5.1": "2.5.1_preact@10.28.2",
    "npm:class-variance-authority@~0.7.1": "0.7.1",
    "npm:clsx@^2.1.1": "2.1.1",
    "npm:hono@^4.11.4": "4.11.4",
    "npm:preact-iso@^2.11.1": "2.11.1_preact@10.28.2_preact-render-to-string@6.6.5__preact@10.28.2",
    "npm:preact@^10.28.2": "10.28.2",
    "npm:tailwind-merge@^3.4.0": "3.4.0",
    "npm:zod@^4.3.5": "4.3.5"
  },
  "npm": {
    "@orpc/client@1.13.4": {
      "integrity": "sha512-s13GPMeoooJc5Th2EaYT5HMFtWG8S03DUVytYfJv8pIhP87RYKl94w52A36denH6r/B4LaAgBeC9nTAOslK+Og==",
      "dependencies": [
        "@orpc/shared",
        "@orpc/standard-server",
        "@orpc/standard-server-fetch",
        "@orpc/standard-server-peer"
      ],
      "tarball": "https://registry.npmmirror.com/@orpc/client/-/client-1.13.4.tgz"
    },
    "@orpc/shared@1.13.4": {
      "integrity": "sha512-TYt9rLG/BUkNQBeQ6C1tEiHS/Seb8OojHgj9GlvqyjHJhMZx5qjsIyTW6RqLPZJ4U2vgK6x4Her36+tlFCKJug==",
      "dependencies": [
        "radash",
        "type-fest"
      ],
      "tarball": "https://registry.npmmirror.com/@orpc/shared/-/shared-1.13.4.tgz"
    },
    "@orpc/standard-server-fetch@1.13.4": {
      "integrity": "sha512-/zmKwnuxfAXbppJpgr1CMnQX3ptPlYcDzLz1TaVzz9VG/Xg58Ov3YhabS2Oi1utLVhy5t4kaCppUducAvoKN+A==",
      "dependencies": [
        "@orpc/shared",
        "@orpc/standard-server"
      ],
      "tarball": "https://registry.npmmirror.com/@orpc/standard-server-fetch/-/standard-server-fetch-1.13.4.tgz"
    },
    "@orpc/standard-server-peer@1.13.4": {
      "integrity": "sha512-UfqnTLqevjCKUk4cmImOG8cQUwANpV1dp9e9u2O1ki6BRBsg/zlXFg6G2N6wP0zr9ayIiO1d2qJdH55yl/1BNw==",
      "dependencies": [
        "@orpc/shared",
        "@orpc/standard-server"
      ],
      "tarball": "https://registry.npmmirror.com/@orpc/standard-server-peer/-/standard-server-peer-1.13.4.tgz"
    },
    "@orpc/standard-server@1.13.4": {
      "integrity": "sha512-ZOzgfVp6XUg+wVYw+gqesfRfGPtQbnBIrIiSnFMtZF+6ncmFJeF2Shc4RI2Guqc0Qz25juy8Ogo4tX3YqysOcg==",
      "dependencies": [
        "@orpc/shared"
      ],
      "tarball": "https://registry.npmmirror.com/@orpc/standard-server/-/standard-server-1.13.4.tgz"
    },
    "@preact/signals-core@1.12.1": {
      "integrity": "sha512-BwbTXpj+9QutoZLQvbttRg5x3l5468qaV2kufh+51yha1c53ep5dY4kTuZR35+3pAZxpfQerGJiQqg34ZNZ6uA==",
      "tarball": "https://registry.npmmirror.com/@preact/signals-core/-/signals-core-1.12.1.tgz"
    },
    "@preact/signals@2.5.1_preact@10.28.2": {
      "integrity": "sha512-VPjk5YFt7i11Fi4UK0tzaEe5xLwfhUxXL3l89ocxQ5aPz7bRo8M5+N73LjBMPklyXKYKz6YsNo4Smp8n6nplng==",
      "dependencies": [
        "@preact/signals-core",
        "preact"
      ],
      "tarball": "https://registry.npmmirror.com/@preact/signals/-/signals-2.5.1.tgz"
    },
    "class-variance-authority@0.7.1": {
      "integrity": "sha512-Ka+9Trutv7G8M6WT6SeiRWz792K5qEqIGEGzXKhAE6xOWAY6pPH8U+9IY3oCMv6kqTmLsv7Xh/2w2RigkePMsg==",
      "dependencies": [
        "clsx"
      ],
      "tarball": "https://registry.npmmirror.com/class-variance-authority/-/class-variance-authority-0.7.1.tgz"
    },
    "clsx@2.1.1": {
      "integrity": "sha512-eYm0QWBtUrBWZWG0d386OGAw16Z995PiOVo2B7bjWSbHedGl5e0ZWaq65kOGgUSNesEIDkB9ISbTg/JK9dhCZA==",
      "tarball": "https://registry.npmmirror.com/clsx/-/clsx-2.1.1.tgz"
    },
    "hono@4.11.4": {
      "integrity": "sha512-U7tt8JsyrxSRKspfhtLET79pU8K+tInj5QZXs1jSugO1Vq5dFj3kmZsRldo29mTBfcjDRVRXrEZ6LS63Cog9ZA==",
      "tarball": "https://registry.npmmirror.com/hono/-/hono-4.11.4.tgz"
    },
    "preact-iso@2.11.1_preact@10.28.2_preact-render-to-string@6.6.5__preact@10.28.2": {
      "integrity": "sha512-rLy0RmzP/hrDjnFdnEblxFgKtzUj4njkHrpGJBGS7S4QuYw1zv0lA38qsWpeAAB10JAz/hF2CsHrLen9ufCtbw==",
      "dependencies": [
        "preact",
        "preact-render-to-string"
      ],
      "tarball": "https://registry.npmmirror.com/preact-iso/-/preact-iso-2.11.1.tgz"
    },
    "preact-render-to-string@6.6.5_preact@10.28.2": {
      "integrity": "sha512-O6MHzYNIKYaiSX3bOw0gGZfEbOmlIDtDfWwN1JJdc/T3ihzRT6tGGSEWE088dWrEDGa1u7101q+6fzQnO9XCPA==",
      "dependencies": [
        "preact"
      ],
      "tarball": "https://registry.npmmirror.com/preact-render-to-string/-/preact-render-to-string-6.6.5.tgz"
    },
    "preact@10.28.2": {
      "integrity": "sha512-lbteaWGzGHdlIuiJ0l2Jq454m6kcpI1zNje6d8MlGAFlYvP2GO4ibnat7P74Esfz4sPTdM6UxtTwh/d3pwM9JA==",
      "tarball": "https://registry.npmmirror.com/preact/-/preact-10.28.2.tgz"
    },
    "radash@12.1.1": {
      "integrity": "sha512-h36JMxKRqrAxVD8201FrCpyeNuUY9Y5zZwujr20fFO77tpUtGa6EZzfKw/3WaiBX95fq7+MpsuMLNdSnORAwSA==",
      "tarball": "https://registry.npmmirror.com/radash/-/radash-12.1.1.tgz"
    },
    "tagged-tag@1.0.0": {
      "integrity": "sha512-yEFYrVhod+hdNyx7g5Bnkkb0G6si8HJurOoOEgC8B/O0uXLHlaey/65KRv6cuWBNhBgHKAROVpc7QyYqE5gFng==",
      "tarball": "https://registry.npmmirror.com/tagged-tag/-/tagged-tag-1.0.0.tgz"
    },
    "tailwind-merge@3.4.0": {
      "integrity": "sha512-uSaO4gnW+b3Y2aWoWfFpX62vn2sR3skfhbjsEnaBI81WD1wBLlHZe5sWf0AqjksNdYTbGBEd0UasQMT3SNV15g==",
      "tarball": "https://registry.npmmirror.com/tailwind-merge/-/tailwind-merge-3.4.0.tgz"
    },
    "type-fest@5.4.1": {
      "integrity": "sha512-xygQcmneDyzsEuKZrFbRMne5HDqMs++aFzefrJTgEIKjQ3rekM+RPfFCVq2Gp1VIDqddoYeppCj4Pcb+RZW0GQ==",
      "dependencies": [
        "tagged-tag"
      ],
      "tarball": "https://registry.npmmirror.com/type-fest/-/type-fest-5.4.1.tgz"
    },
    "zod@4.3.5": {
      "integrity": "sha512-k7Nwx6vuWx1IJ9Bjuf4Zt1PEllcwe7cls3VNzm4CQ1/hgtFUK2bRNG3rvnpPUhFjmqJKAKtjV576KnUkHocg/g==",
      "tarball": "https://registry.npmmirror.com/zod/-/zod-4.3.5.tgz"
    }
  },
  "workspace": {
    "dependencies": [
      "jsr:@std/fs@^1.0.21",
      "jsr:@std/path@^1.1.4",
      "npm:@orpc/client@^1.13.4",
      "npm:@orpc/openapi@^1.13.4",
      "npm:@orpc/server@^1.13.4",
      "npm:@orpc/zod@^1.13.4",
      "npm:@preact/signals@^2.5.1",
      "npm:class-variance-authority@~0.7.1",
      "npm:clsx@^2.1.1",
      "npm:hono@^4.11.4",
      "npm:jsonwebtoken@^9.0.3",
      "npm:preact-iso@^2.11.1",
      "npm:preact@^10.28.2",
      "npm:tailwind-merge@^3.4.0",
      "npm:zod@^4.3.5"
    ]
  }
}
