{
  "version": "5",
  "specifiers": {
    "npm:@preact/signals@^2.5.1": "2.5.1_preact@10.28.2",
    "npm:class-variance-authority@~0.7.1": "0.7.1",
    "npm:clsx@^2.1.1": "2.1.1",
    "npm:preact-iso@^2.11.0": "2.11.1_preact@10.28.2_preact-render-to-string@6.6.5__preact@10.28.2",
    "npm:preact@^10.28.2": "10.28.2",
    "npm:tailwind-merge@^3.4.0": "3.4.0"
  },
  "npm": {
    "@preact/signals-core@1.12.1": {
      "integrity": "sha512-BwbTXpj+9QutoZLQvbttRg5x3l5468qaV2kufh+51yha1c53ep5dY4kTuZR35+3pAZxpfQerGJiQqg34ZNZ6uA==",
      "tarball": "https://registry.npmmirror.com/@preact/signals-core/-/signals-core-1.12.1.tgz"
    },
    "@preact/signals@2.5.1_preact@10.28.2": {
      "integrity": "sha512-VPjk5YFt7i11Fi4UK0tzaEe5xLwfhUxXL3l89ocxQ5aPz7bRo8M5+N73LjBMPklyXKYKz6YsNo4Smp8n6nplng==",
      "dependencies": [
        "@preact/signals-core",
        "preact"
      ],
      "tarball": "https://registry.npmmirror.com/@preact/signals/-/signals-2.5.1.tgz"
    },
    "class-variance-authority@0.7.1": {
      "integrity": "sha512-Ka+9Trutv7G8M6WT6SeiRWz792K5qEqIGEGzXKhAE6xOWAY6pPH8U+9IY3oCMv6kqTmLsv7Xh/2w2RigkePMsg==",
      "dependencies": [
        "clsx"
      ],
      "tarball": "https://registry.npmmirror.com/class-variance-authority/-/class-variance-authority-0.7.1.tgz"
    },
    "clsx@2.1.1": {
      "integrity": "sha512-eYm0QWBtUrBWZWG0d386OGAw16Z995PiOVo2B7bjWSbHedGl5e0ZWaq65kOGgUSNesEIDkB9ISbTg/JK9dhCZA==",
      "tarball": "https://registry.npmmirror.com/clsx/-/clsx-2.1.1.tgz"
    },
    "preact-iso@2.11.1_preact@10.28.2_preact-render-to-string@6.6.5__preact@10.28.2": {
      "integrity": "sha512-rLy0RmzP/hrDjnFdnEblxFgKtzUj4njkHrpGJBGS7S4QuYw1zv0lA38qsWpeAAB10JAz/hF2CsHrLen9ufCtbw==",
      "dependencies": [
        "preact",
        "preact-render-to-string"
      ],
      "tarball": "https://registry.npmmirror.com/preact-iso/-/preact-iso-2.11.1.tgz"
    },
    "preact-render-to-string@6.6.5_preact@10.28.2": {
      "integrity": "sha512-O6MHzYNIKYaiSX3bOw0gGZfEbOmlIDtDfWwN1JJdc/T3ihzRT6tGGSEWE088dWrEDGa1u7101q+6fzQnO9XCPA==",
      "dependencies": [
        "preact"
      ],
      "tarball": "https://registry.npmmirror.com/preact-render-to-string/-/preact-render-to-string-6.6.5.tgz"
    },
    "preact@10.28.2": {
      "integrity": "sha512-lbteaWGzGHdlIuiJ0l2Jq454m6kcpI1zNje6d8MlGAFlYvP2GO4ibnat7P74Esfz4sPTdM6UxtTwh/d3pwM9JA==",
      "tarball": "https://registry.npmmirror.com/preact/-/preact-10.28.2.tgz"
    },
    "tailwind-merge@3.4.0": {
      "integrity": "sha512-uSaO4gnW+b3Y2aWoWfFpX62vn2sR3skfhbjsEnaBI81WD1wBLlHZe5sWf0AqjksNdYTbGBEd0UasQMT3SNV15g==",
      "tarball": "https://registry.npmmirror.com/tailwind-merge/-/tailwind-merge-3.4.0.tgz"
    }
  },
  "workspace": {
    "dependencies": [
      "jsr:@24wings/build@0.0.7",
      "jsr:@std/fs@^1.0.21",
      "jsr:@std/path@^1.1.4",
      "npm:@preact/signals@^2.5.1",
      "npm:class-variance-authority@~0.7.1",
      "npm:clsx@^2.1.1",
      "npm:hono@^4.11.4",
      "npm:preact-iso@^2.11.0",
      "npm:preact@^10.28.2",
      "npm:tailwind-merge@^3.4.0"
    ]
  }
}
