{
  "version": "5",
  "specifiers": {
    "jsr:@24wings/admin@0.2.0": "0.2.0",
    "jsr:@24wings/admin@0.2.1": "0.2.1",
    "jsr:@logtape/logtape@2": "2.0.0",
    "jsr:@logtape/pretty@2": "2.0.0",
    "jsr:@std/assert@1": "1.0.16",
    "jsr:@std/assert@^1.0.14": "1.0.16",
    "jsr:@std/assert@^1.0.15": "1.0.16",
    "jsr:@std/cli@^1.0.25": "1.0.25",
    "jsr:@std/dotenv@~0.225.6": "0.225.6",
    "jsr:@std/expect@*": "1.0.17",
    "jsr:@std/fs@^1.0.21": "1.0.21",
    "jsr:@std/internal@^1.0.10": "1.0.12",
    "jsr:@std/internal@^1.0.12": "1.0.12",
    "jsr:@std/path@^1.1.4": "1.1.4",
    "jsr:@std/testing@*": "1.0.16",
    "npm:@logtape/logtape@^1.3.6": "1.3.6",
    "npm:@optique/logtape@~0.9.1": "0.9.1_@logtape+logtape@1.3.6",
    "npm:@orpc/client@^1.13.4": "1.13.4",
    "npm:@orpc/openapi@^1.13.4": "1.13.4",
    "npm:@orpc/server@^1.13.4": "1.13.4",
    "npm:@orpc/zod@^1.13.4": "1.13.4_@orpc+contract@1.13.4_@orpc+server@1.13.4_zod@4.3.5",
    "npm:@preact/signals@^2.2.1": "2.5.1_preact@10.28.2",
    "npm:@preact/signals@^2.5.1": "2.5.1_preact@10.28.2",
    "npm:@types/node@24.0.7": "24.0.7",
    "npm:class-variance-authority@~0.7.1": "0.7.1",
    "npm:clsx@^2.1.1": "2.1.1",
    "npm:hono@^4.11.4": "4.11.4",
    "npm:jsonwebtoken@^9.0.3": "9.0.3",
    "npm:kysely@~0.28.10": "0.28.10",
    "npm:kysely@~0.28.9": "0.28.10",
    "npm:libsql@~0.5.22": "0.5.22",
    "npm:mysql2@^3.16.0": "3.16.1",
    "npm:mysql2@^3.16.1": "3.16.1",
    "npm:preact-iso@^2.11.1": "2.11.1_preact@10.28.2_preact-render-to-string@6.6.5__preact@10.28.2",
    "npm:preact-render-to-string@^6.6.5": "6.6.5_preact@10.28.2",
    "npm:preact@^10.26.6": "10.28.2",
    "npm:preact@^10.28.2": "10.28.2",
    "npm:tailwind-merge@^3.4.0": "3.4.0",
    "npm:zod@^4.3.5": "4.3.5"
  },
  "jsr": {
    "@24wings/admin@0.2.0": {
      "integrity": "db7379740e8be2d82f441df8e7c7f670f93ac1f81a380869c68cf20a0fed1fd1",
      "dependencies": [
        "npm:@orpc/client",
        "npm:@orpc/server",
        "npm:@preact/signals@^2.5.1",
        "npm:hono",
        "npm:preact-iso",
        "npm:preact@^10.28.2",
        "npm:zod"
      ]
    },
    "@24wings/admin@0.2.1": {
      "integrity": "32e4d2b6803407b6d58e6ef92f73531ae4a025e9f2f739f8025cfbde2a97157d",
      "dependencies": [
        "npm:@orpc/client",
        "npm:@orpc/server",
        "npm:@preact/signals@^2.5.1",
        "npm:hono",
        "npm:preact-iso",
        "npm:preact@^10.28.2",
        "npm:zod"
      ]
    },
    "@logtape/logtape@2.0.0": {
      "integrity": "c4f2d7684a8239ad9b3fc2fd4ade6eec9f04cdb3a1741bae83f370b4b34253b2"
    },
    "@logtape/pretty@2.0.0": {
      "integrity": "29847b92b5c06e156c7fc2ba23bbc8f045623cc664bddd7a219021baf32b267c",
      "dependencies": [
        "jsr:@logtape/logtape@2",
        "npm:@types/node"
      ]
    },
    "@std/assert@1.0.16": {
      "integrity": "6a7272ed1eaa77defe76e5ff63ca705d9c495077e2d5fd0126d2b53fc5bd6532",
      "dependencies": [
        "jsr:@std/internal@^1.0.12"
      ]
    },
    "@std/cli@1.0.25": {
      "integrity": "1f85051b370c97a7a9dfc6ba626e7ed57a91bea8c081597276d1e78d929d8c91",
      "dependencies": [
        "jsr:@std/internal@^1.0.12"
      ]
    },
    "@std/dotenv@0.225.6": {
      "integrity": "1d6f9db72f565bd26790fa034c26e45ecb260b5245417be76c2279e5734c421b"
    },
    "@std/expect@1.0.17": {
      "integrity": "316b47dd65c33e3151344eb3267bf42efba17d1415425f07ed96185d67fc04d9",
      "dependencies": [
        "jsr:@std/assert@^1.0.14",
        "jsr:@std/internal@^1.0.10"
      ]
    },
    "@std/fs@1.0.21": {
      "integrity": "d720fe1056d78d43065a4d6e0eeb2b19f34adb8a0bc7caf3a4dbf1d4178252cd",
      "dependencies": [
        "jsr:@std/internal@^1.0.12",
        "jsr:@std/path"
      ]
    },
    "@std/internal@1.0.12": {
      "integrity": "972a634fd5bc34b242024402972cd5143eac68d8dffaca5eaa4dba30ce17b027"
    },
    "@std/path@1.1.4": {
      "integrity": "1d2d43f39efb1b42f0b1882a25486647cb851481862dc7313390b2bb044314b5",
      "dependencies": [
        "jsr:@std/internal@^1.0.12"
      ]
    },
    "@std/testing@1.0.16": {
      "integrity": "a917ffdeb5924c9be436dc78bc32e511760e14d3a96e49c607fc5ecca86d0092",
      "dependencies": [
        "jsr:@std/assert@^1.0.15",
        "jsr:@std/internal@^1.0.12"
      ]
    }
  },
  "npm": {
    "@libsql/darwin-arm64@0.5.22": {
      "integrity": "sha512-4B8ZlX3nIDPndfct7GNe0nI3Yw6ibocEicWdC4fvQbSs/jdq/RC2oCsoJxJ4NzXkvktX70C1J4FcmmoBy069UA==",
      "os": ["darwin"],
      "cpu": ["arm64"],
      "tarball": "https://registry.npmmirror.com/@libsql/darwin-arm64/-/darwin-arm64-0.5.22.tgz"
    },
    "@libsql/darwin-x64@0.5.22": {
      "integrity": "sha512-ny2HYWt6lFSIdNFzUFIJ04uiW6finXfMNJ7wypkAD8Pqdm6nAByO+Fdqu8t7sD0sqJGeUCiOg480icjyQ2/8VA==",
      "os": ["darwin"],
      "cpu": ["x64"],
      "tarball": "https://registry.npmmirror.com/@libsql/darwin-x64/-/darwin-x64-0.5.22.tgz"
    },
    "@libsql/linux-arm-gnueabihf@0.5.22": {
      "integrity": "sha512-3Uo3SoDPJe/zBnyZKosziRGtszXaEtv57raWrZIahtQDsjxBVjuzYQinCm9LRCJCUT5t2r5Z5nLDPJi2CwZVoA==",
      "os": ["linux"],
      "cpu": ["arm"],
      "tarball": "https://registry.npmmirror.com/@libsql/linux-arm-gnueabihf/-/linux-arm-gnueabihf-0.5.22.tgz"
    },
    "@libsql/linux-arm-musleabihf@0.5.22": {
      "integrity": "sha512-LCsXh07jvSojTNJptT9CowOzwITznD+YFGGW+1XxUr7fS+7/ydUrpDfsMX7UqTqjm7xG17eq86VkWJgHJfvpNg==",
      "os": ["linux"],
      "cpu": ["arm"],
      "tarball": "https://registry.npmmirror.com/@libsql/linux-arm-musleabihf/-/linux-arm-musleabihf-0.5.22.tgz"
    },
    "@libsql/linux-arm64-gnu@0.5.22": {
      "integrity": "sha512-KSdnOMy88c9mpOFKUEzPskSaF3VLflfSUCBwas/pn1/sV3pEhtMF6H8VUCd2rsedwoukeeCSEONqX7LLnQwRMA==",
      "os": ["linux"],
      "cpu": ["arm64"],
      "tarball": "https://registry.npmmirror.com/@libsql/linux-arm64-gnu/-/linux-arm64-gnu-0.5.22.tgz"
    },
    "@libsql/linux-arm64-musl@0.5.22": {
      "integrity": "sha512-mCHSMAsDTLK5YH//lcV3eFEgiR23Ym0U9oEvgZA0667gqRZg/2px+7LshDvErEKv2XZ8ixzw3p1IrBzLQHGSsw==",
      "os": ["linux"],
      "cpu": ["arm64"],
      "tarball": "https://registry.npmmirror.com/@libsql/linux-arm64-musl/-/linux-arm64-musl-0.5.22.tgz"
    },
    "@libsql/linux-x64-gnu@0.5.22": {
      "integrity": "sha512-kNBHaIkSg78Y4BqAdgjcR2mBilZXs4HYkAmi58J+4GRwDQZh5fIUWbnQvB9f95DkWUIGVeenqLRFY2pcTmlsew==",
      "os": ["linux"],
      "cpu": ["x64"],
      "tarball": "https://registry.npmmirror.com/@libsql/linux-x64-gnu/-/linux-x64-gnu-0.5.22.tgz"
    },
    "@libsql/linux-x64-musl@0.5.22": {
      "integrity": "sha512-UZ4Xdxm4pu3pQXjvfJiyCzZop/9j/eA2JjmhMaAhe3EVLH2g11Fy4fwyUp9sT1QJYR1kpc2JLuybPM0kuXv/Tg==",
      "os": ["linux"],
      "cpu": ["x64"],
      "tarball": "https://registry.npmmirror.com/@libsql/linux-x64-musl/-/linux-x64-musl-0.5.22.tgz"
    },
    "@libsql/win32-x64-msvc@0.5.22": {
      "integrity": "sha512-Fj0j8RnBpo43tVZUVoNK6BV/9AtDUM5S7DF3LB4qTYg1LMSZqi3yeCneUTLJD6XomQJlZzbI4mst89yspVSAnA==",
      "os": ["win32"],
      "cpu": ["x64"],
      "tarball": "https://registry.npmmirror.com/@libsql/win32-x64-msvc/-/win32-x64-msvc-0.5.22.tgz"
    },
    "@logtape/logtape@1.3.6": {
      "integrity": "sha512-OaK8eal8zcjB0GZbllXKgUC2T9h/GyNLQyQXjJkf1yum7SZKTWs9gs/t8NMS0kVVaSnA7bhU0Sjws/Iy4e0/IQ==",
      "tarball": "https://registry.npmmirror.com/@logtape/logtape/-/logtape-1.3.6.tgz"
    },
    "@neon-rs/load@0.0.4": {
      "integrity": "sha512-kTPhdZyTQxB+2wpiRcFWrDcejc4JI6tkPuS7UZCG4l6Zvc5kU/gGQ/ozvHTh1XR5tS+UlfAfGuPajjzQjCiHCw==",
      "tarball": "https://registry.npmmirror.com/@neon-rs/load/-/load-0.0.4.tgz"
    },
    "@optique/core@0.9.1": {
      "integrity": "sha512-RcQOKF+2CCdpS4ypDVsi2FhdOc/FYCB6wWr1joX7W5U5vzjzJHDEEt5FFfpIV/glEIPIiMvWulUDJwbHbE1sUg==",
      "tarball": "https://registry.npmmirror.com/@optique/core/-/core-0.9.1.tgz"
    },
    "@optique/logtape@0.9.1_@logtape+logtape@1.3.6": {
      "integrity": "sha512-PH305iKviY0EqEVyLsRmT3jTmqoGjkvR35kkwFrE7Zv+Ibq7SGbs6OJpK1VaNHSHGEvLd2tlNry4rJXow/AQZQ==",
      "dependencies": [
        "@logtape/logtape",
        "@optique/core"
      ],
      "tarball": "https://registry.npmmirror.com/@optique/logtape/-/logtape-0.9.1.tgz"
    },
    "@orpc/client@1.13.4": {
      "integrity": "sha512-s13GPMeoooJc5Th2EaYT5HMFtWG8S03DUVytYfJv8pIhP87RYKl94w52A36denH6r/B4LaAgBeC9nTAOslK+Og==",
      "dependencies": [
        "@orpc/shared",
        "@orpc/standard-server",
        "@orpc/standard-server-fetch",
        "@orpc/standard-server-peer"
      ],
      "tarball": "https://registry.npmmirror.com/@orpc/client/-/client-1.13.4.tgz"
    },
    "@orpc/contract@1.13.4": {
      "integrity": "sha512-TIxyaF67uOlihCRcasjHZxguZpbqfNK7aMrDLnhoufmQBE4OKvguNzmrOFHgsuM0OXoopX0Nuhun1ccaxKP10A==",
      "dependencies": [
        "@orpc/client",
        "@orpc/shared",
        "@standard-schema/spec",
        "openapi-types"
      ],
      "tarball": "https://registry.npmmirror.com/@orpc/contract/-/contract-1.13.4.tgz"
    },
    "@orpc/interop@1.13.4": {
      "integrity": "sha512-h8HWMSTSUYTtfN9ytGJD/MLMgWaUJOg8Z1Bq7fycnj74DVib0NLGIItoCquJkSzgZ7Otc+s1l0/2NPOViTyl9Q==",
      "tarball": "https://registry.npmmirror.com/@orpc/interop/-/interop-1.13.4.tgz"
    },
    "@orpc/json-schema@1.13.4": {
      "integrity": "sha512-DLeWC06kG+ZSLpjcYDEVRFNW0my3ipOd0bOsoXD8vR7X8HXa+GL3CPT8G5KwufL2q0w01AP4nnZFF9Z+Ejp93Q==",
      "dependencies": [
        "@orpc/contract",
        "@orpc/interop",
        "@orpc/openapi",
        "@orpc/server",
        "@orpc/shared",
        "json-schema-typed"
      ],
      "tarball": "https://registry.npmmirror.com/@orpc/json-schema/-/json-schema-1.13.4.tgz"
    },
    "@orpc/openapi-client@1.13.4": {
      "integrity": "sha512-tRUcY4E6sgpS5bY/9nNES/Q/PMyYyPOsI4TuhwLhfgxOb0GFPwYKJ6Kif7KFNOhx4fkN/jTOfE1nuWuIZU1gyg==",
      "dependencies": [
        "@orpc/client",
        "@orpc/contract",
        "@orpc/shared",
        "@orpc/standard-server"
      ],
      "tarball": "https://registry.npmmirror.com/@orpc/openapi-client/-/openapi-client-1.13.4.tgz"
    },
    "@orpc/openapi@1.13.4": {
      "integrity": "sha512-jghTrIVbqgXNcTNQWxhJT3rb8s5ixg3b9dBkho+g1Z8jA+/mw39iEShrUks35kZstQITw+dT1+66bOJzCzbaLg==",
      "dependencies": [
        "@orpc/client",
        "@orpc/contract",
        "@orpc/interop",
        "@orpc/openapi-client",
        "@orpc/server",
        "@orpc/shared",
        "@orpc/standard-server",
        "json-schema-typed",
        "rou3"
      ],
      "tarball": "https://registry.npmmirror.com/@orpc/openapi/-/openapi-1.13.4.tgz"
    },
    "@orpc/server@1.13.4": {
      "integrity": "sha512-noGqSP53KpH+2UvCpIoOCMPn5LY5UIB674ijzSZ2LYHT0EUNGpOgYd5Rab09VUAaG2NejwJc9VvWztFW3Op08w==",
      "dependencies": [
        "@orpc/client",
        "@orpc/contract",
        "@orpc/interop",
        "@orpc/shared",
        "@orpc/standard-server",
        "@orpc/standard-server-aws-lambda",
        "@orpc/standard-server-fastify",
        "@orpc/standard-server-fetch",
        "@orpc/standard-server-node",
        "@orpc/standard-server-peer",
        "cookie"
      ],
      "tarball": "https://registry.npmmirror.com/@orpc/server/-/server-1.13.4.tgz"
    },
    "@orpc/shared@1.13.4": {
      "integrity": "sha512-TYt9rLG/BUkNQBeQ6C1tEiHS/Seb8OojHgj9GlvqyjHJhMZx5qjsIyTW6RqLPZJ4U2vgK6x4Her36+tlFCKJug==",
      "dependencies": [
        "radash",
        "type-fest"
      ],
      "tarball": "https://registry.npmmirror.com/@orpc/shared/-/shared-1.13.4.tgz"
    },
    "@orpc/standard-server-aws-lambda@1.13.4": {
      "integrity": "sha512-iTJK6DiwLufVZtflLAxx5GCNQLo3NhNuQQgVtFavpx5xgCTuRb1dKNjHAoVCkF2lyqUFxv4AON2ZOSvuCCCzpw==",
      "dependencies": [
        "@orpc/shared",
        "@orpc/standard-server",
        "@orpc/standard-server-fetch",
        "@orpc/standard-server-node"
      ],
      "tarball": "https://registry.npmmirror.com/@orpc/standard-server-aws-lambda/-/standard-server-aws-lambda-1.13.4.tgz"
    },
    "@orpc/standard-server-fastify@1.13.4": {
      "integrity": "sha512-+E40iAD2IY/Vgg7FAE9aM2kQOL73LwJikkMiiD8G08kAEp1By9N7W5ejxXYiRcTVRF0j9vgvNSwhf4aSJmxp8g==",
      "dependencies": [
        "@orpc/shared",
        "@orpc/standard-server",
        "@orpc/standard-server-node"
      ],
      "tarball": "https://registry.npmmirror.com/@orpc/standard-server-fastify/-/standard-server-fastify-1.13.4.tgz"
    },
    "@orpc/standard-server-fetch@1.13.4": {
      "integrity": "sha512-/zmKwnuxfAXbppJpgr1CMnQX3ptPlYcDzLz1TaVzz9VG/Xg58Ov3YhabS2Oi1utLVhy5t4kaCppUducAvoKN+A==",
      "dependencies": [
        "@orpc/shared",
        "@orpc/standard-server"
      ],
      "tarball": "https://registry.npmmirror.com/@orpc/standard-server-fetch/-/standard-server-fetch-1.13.4.tgz"
    },
    "@orpc/standard-server-node@1.13.4": {
      "integrity": "sha512-4sVTsoI1xBmKEqmcxPRGKqf/Egbtr83Lg8yLiUrt5YdjOAYENiahWyU51itL21VPdAdMFDoDdUC9aCpikyQCaw==",
      "dependencies": [
        "@orpc/shared",
        "@orpc/standard-server",
        "@orpc/standard-server-fetch"
      ],
      "tarball": "https://registry.npmmirror.com/@orpc/standard-server-node/-/standard-server-node-1.13.4.tgz"
    },
    "@orpc/standard-server-peer@1.13.4": {
      "integrity": "sha512-UfqnTLqevjCKUk4cmImOG8cQUwANpV1dp9e9u2O1ki6BRBsg/zlXFg6G2N6wP0zr9ayIiO1d2qJdH55yl/1BNw==",
      "dependencies": [
        "@orpc/shared",
        "@orpc/standard-server"
      ],
      "tarball": "https://registry.npmmirror.com/@orpc/standard-server-peer/-/standard-server-peer-1.13.4.tgz"
    },
    "@orpc/standard-server@1.13.4": {
      "integrity": "sha512-ZOzgfVp6XUg+wVYw+gqesfRfGPtQbnBIrIiSnFMtZF+6ncmFJeF2Shc4RI2Guqc0Qz25juy8Ogo4tX3YqysOcg==",
      "dependencies": [
        "@orpc/shared"
      ],
      "tarball": "https://registry.npmmirror.com/@orpc/standard-server/-/standard-server-1.13.4.tgz"
    },
    "@orpc/zod@1.13.4_@orpc+contract@1.13.4_@orpc+server@1.13.4_zod@4.3.5": {
      "integrity": "sha512-gmh334QPo29ekQ2k58f8e3KtmIqKWxxqGuuoYNCdLTdBp3cem6CLdnxb//QWsoPMzcpuCp4UGBABdmpRQCZebg==",
      "dependencies": [
        "@orpc/contract",
        "@orpc/json-schema",
        "@orpc/openapi",
        "@orpc/server",
        "@orpc/shared",
        "escape-string-regexp",
        "wildcard-match",
        "zod"
      ],
      "tarball": "https://registry.npmmirror.com/@orpc/zod/-/zod-1.13.4.tgz"
    },
    "@preact/signals-core@1.12.1": {
      "integrity": "sha512-BwbTXpj+9QutoZLQvbttRg5x3l5468qaV2kufh+51yha1c53ep5dY4kTuZR35+3pAZxpfQerGJiQqg34ZNZ6uA==",
      "tarball": "https://registry.npmmirror.com/@preact/signals-core/-/signals-core-1.12.1.tgz"
    },
    "@preact/signals@2.5.1_preact@10.28.2": {
      "integrity": "sha512-VPjk5YFt7i11Fi4UK0tzaEe5xLwfhUxXL3l89ocxQ5aPz7bRo8M5+N73LjBMPklyXKYKz6YsNo4Smp8n6nplng==",
      "dependencies": [
        "@preact/signals-core",
        "preact"
      ],
      "tarball": "https://registry.npmmirror.com/@preact/signals/-/signals-2.5.1.tgz"
    },
    "@standard-schema/spec@1.1.0": {
      "integrity": "sha512-l2aFy5jALhniG5HgqrD6jXLi/rUWrKvqN/qJx6yoJsgKhblVd+iqqU4RCXavm/jPityDo5TCvKMnpjKnOriy0w==",
      "tarball": "https://registry.npmmirror.com/@standard-schema/spec/-/spec-1.1.0.tgz"
    },
    "@types/node@24.0.7": {
      "integrity": "sha512-YIEUUr4yf8q8oQoXPpSlnvKNVKDQlPMWrmOcgzoduo7kvA2UF0/BwJ/eMKFTiTtkNL17I0M6Xe2tvwFU7be6iw==",
      "dependencies": [
        "undici-types"
      ],
      "tarball": "https://registry.npmmirror.com/@types/node/-/node-24.0.7.tgz"
    },
    "aws-ssl-profiles@1.1.2": {
      "integrity": "sha512-NZKeq9AfyQvEeNlN0zSYAaWrmBffJh3IELMZfRpJVWgrpEbtEpnjvzqBPf+mxoI287JohRDoa+/nsfqqiZmF6g==",
      "tarball": "https://registry.npmmirror.com/aws-ssl-profiles/-/aws-ssl-profiles-1.1.2.tgz"
    },
    "buffer-equal-constant-time@1.0.1": {
      "integrity": "sha512-zRpUiDwd/xk6ADqPMATG8vc9VPrkck7T07OIx0gnjmJAnHnTVXNQG3vfvWNuiZIkwu9KrKdA1iJKfsfTVxE6NA==",
      "tarball": "https://registry.npmmirror.com/buffer-equal-constant-time/-/buffer-equal-constant-time-1.0.1.tgz"
    },
    "class-variance-authority@0.7.1": {
      "integrity": "sha512-Ka+9Trutv7G8M6WT6SeiRWz792K5qEqIGEGzXKhAE6xOWAY6pPH8U+9IY3oCMv6kqTmLsv7Xh/2w2RigkePMsg==",
      "dependencies": [
        "clsx"
      ],
      "tarball": "https://registry.npmmirror.com/class-variance-authority/-/class-variance-authority-0.7.1.tgz"
    },
    "clsx@2.1.1": {
      "integrity": "sha512-eYm0QWBtUrBWZWG0d386OGAw16Z995PiOVo2B7bjWSbHedGl5e0ZWaq65kOGgUSNesEIDkB9ISbTg/JK9dhCZA==",
      "tarball": "https://registry.npmmirror.com/clsx/-/clsx-2.1.1.tgz"
    },
    "cookie@1.1.1": {
      "integrity": "sha512-ei8Aos7ja0weRpFzJnEA9UHJ/7XQmqglbRwnf2ATjcB9Wq874VKH9kfjjirM6UhU2/E5fFYadylyhFldcqSidQ==",
      "tarball": "https://registry.npmmirror.com/cookie/-/cookie-1.1.1.tgz"
    },
    "denque@2.1.0": {
      "integrity": "sha512-HVQE3AAb/pxF8fQAoiqpvg9i3evqug3hoiwakOyZAwJm+6vZehbkYXZ0l4JxS+I3QxM97v5aaRNhj8v5oBhekw==",
      "tarball": "https://registry.npmmirror.com/denque/-/denque-2.1.0.tgz"
    },
    "detect-libc@2.0.2": {
      "integrity": "sha512-UX6sGumvvqSaXgdKGUsgZWqcUyIXZ/vZTrlRT/iobiKhGL0zL4d3osHj3uqllWJK+i+sixDS/3COVEOFbupFyw==",
      "tarball": "https://registry.npmmirror.com/detect-libc/-/detect-libc-2.0.2.tgz"
    },
    "ecdsa-sig-formatter@1.0.11": {
      "integrity": "sha512-nagl3RYrbNv6kQkeJIpt6NJZy8twLB/2vtz6yN9Z4vRKHN4/QZJIEbqohALSgwKdnksuY3k5Addp5lg8sVoVcQ==",
      "dependencies": [
        "safe-buffer"
      ],
      "tarball": "https://registry.npmmirror.com/ecdsa-sig-formatter/-/ecdsa-sig-formatter-1.0.11.tgz"
    },
    "escape-string-regexp@5.0.0": {
      "integrity": "sha512-/veY75JbMK4j1yjvuUxuVsiS/hr/4iHs9FTT6cgTexxdE0Ly/glccBAkloH/DofkjRbZU3bnoj38mOmhkZ0lHw==",
      "tarball": "https://registry.npmmirror.com/escape-string-regexp/-/escape-string-regexp-5.0.0.tgz"
    },
    "generate-function@2.3.1": {
      "integrity": "sha512-eeB5GfMNeevm/GRYq20ShmsaGcmI81kIX2K9XQx5miC8KdHaC6Jm0qQ8ZNeGOi7wYB8OsdxKs+Y2oVuTFuVwKQ==",
      "dependencies": [
        "is-property"
      ],
      "tarball": "https://registry.npmmirror.com/generate-function/-/generate-function-2.3.1.tgz"
    },
    "hono@4.11.4": {
      "integrity": "sha512-U7tt8JsyrxSRKspfhtLET79pU8K+tInj5QZXs1jSugO1Vq5dFj3kmZsRldo29mTBfcjDRVRXrEZ6LS63Cog9ZA==",
      "tarball": "https://registry.npmmirror.com/hono/-/hono-4.11.4.tgz"
    },
    "iconv-lite@0.7.2": {
      "integrity": "sha512-im9DjEDQ55s9fL4EYzOAv0yMqmMBSZp6G0VvFyTMPKWxiSBHUj9NW/qqLmXUwXrrM7AvqSlTCfvqRb0cM8yYqw==",
      "dependencies": [
        "safer-buffer"
      ],
      "tarball": "https://registry.npmmirror.com/iconv-lite/-/iconv-lite-0.7.2.tgz"
    },
    "is-property@1.0.2": {
      "integrity": "sha512-Ks/IoX00TtClbGQr4TWXemAnktAQvYB7HzcCxDGqEZU6oCmb2INHuOoKxbtR+HFkmYWBKv/dOZtGRiAjDhj92g==",
      "tarball": "https://registry.npmmirror.com/is-property/-/is-property-1.0.2.tgz"
    },
    "json-schema-typed@8.0.2": {
      "integrity": "sha512-fQhoXdcvc3V28x7C7BMs4P5+kNlgUURe2jmUT1T//oBRMDrqy1QPelJimwZGo7Hg9VPV3EQV5Bnq4hbFy2vetA==",
      "tarball": "https://registry.npmmirror.com/json-schema-typed/-/json-schema-typed-8.0.2.tgz"
    },
    "jsonwebtoken@9.0.3": {
      "integrity": "sha512-MT/xP0CrubFRNLNKvxJ2BYfy53Zkm++5bX9dtuPbqAeQpTVe0MQTFhao8+Cp//EmJp244xt6Drw/GVEGCUj40g==",
      "dependencies": [
        "jws",
        "lodash.includes",
        "lodash.isboolean",
        "lodash.isinteger",
        "lodash.isnumber",
        "lodash.isplainobject",
        "lodash.isstring",
        "lodash.once",
        "ms",
        "semver"
      ],
      "tarball": "https://registry.npmmirror.com/jsonwebtoken/-/jsonwebtoken-9.0.3.tgz"
    },
    "jwa@2.0.1": {
      "integrity": "sha512-hRF04fqJIP8Abbkq5NKGN0Bbr3JxlQ+qhZufXVr0DvujKy93ZCbXZMHDL4EOtodSbCWxOqR8MS1tXA5hwqCXDg==",
      "dependencies": [
        "buffer-equal-constant-time",
        "ecdsa-sig-formatter",
        "safe-buffer"
      ],
      "tarball": "https://registry.npmmirror.com/jwa/-/jwa-2.0.1.tgz"
    },
    "jws@4.0.1": {
      "integrity": "sha512-EKI/M/yqPncGUUh44xz0PxSidXFr/+r0pA70+gIYhjv+et7yxM+s29Y+VGDkovRofQem0fs7Uvf4+YmAdyRduA==",
      "dependencies": [
        "jwa",
        "safe-buffer"
      ],
      "tarball": "https://registry.npmmirror.com/jws/-/jws-4.0.1.tgz"
    },
    "kysely@0.28.10": {
      "integrity": "sha512-ksNxfzIW77OcZ+QWSAPC7yDqUSaIVwkTWnTPNiIy//vifNbwsSgQ57OkkncHxxpcBHM3LRfLAZVEh7kjq5twVA==",
      "tarball": "https://registry.npmmirror.com/kysely/-/kysely-0.28.10.tgz"
    },
    "libsql@0.5.22": {
      "integrity": "sha512-NscWthMQt7fpU8lqd7LXMvT9pi+KhhmTHAJWUB/Lj6MWa0MKFv0F2V4C6WKKpjCVZl0VwcDz4nOI3CyaT1DDiA==",
      "dependencies": [
        "@neon-rs/load",
        "detect-libc"
      ],
      "optionalDependencies": [
        "@libsql/darwin-arm64",
        "@libsql/darwin-x64",
        "@libsql/linux-arm-gnueabihf",
        "@libsql/linux-arm-musleabihf",
        "@libsql/linux-arm64-gnu",
        "@libsql/linux-arm64-musl",
        "@libsql/linux-x64-gnu",
        "@libsql/linux-x64-musl",
        "@libsql/win32-x64-msvc"
      ],
      "os": ["darwin", "linux", "win32"],
      "cpu": ["x64", "arm64", "wasm32", "arm"],
      "tarball": "https://registry.npmmirror.com/libsql/-/libsql-0.5.22.tgz"
    },
    "lodash.includes@4.3.0": {
      "integrity": "sha512-W3Bx6mdkRTGtlJISOvVD/lbqjTlPPUDTMnlXZFnVwi9NKJ6tiAk6LVdlhZMm17VZisqhKcgzpO5Wz91PCt5b0w==",
      "tarball": "https://registry.npmmirror.com/lodash.includes/-/lodash.includes-4.3.0.tgz"
    },
    "lodash.isboolean@3.0.3": {
      "integrity": "sha512-Bz5mupy2SVbPHURB98VAcw+aHh4vRV5IPNhILUCsOzRmsTmSQ17jIuqopAentWoehktxGd9e/hbIXq980/1QJg==",
      "tarball": "https://registry.npmmirror.com/lodash.isboolean/-/lodash.isboolean-3.0.3.tgz"
    },
    "lodash.isinteger@4.0.4": {
      "integrity": "sha512-DBwtEWN2caHQ9/imiNeEA5ys1JoRtRfY3d7V9wkqtbycnAmTvRRmbHKDV4a0EYc678/dia0jrte4tjYwVBaZUA==",
      "tarball": "https://registry.npmmirror.com/lodash.isinteger/-/lodash.isinteger-4.0.4.tgz"
    },
    "lodash.isnumber@3.0.3": {
      "integrity": "sha512-QYqzpfwO3/CWf3XP+Z+tkQsfaLL/EnUlXWVkIk5FUPc4sBdTehEqZONuyRt2P67PXAk+NXmTBcc97zw9t1FQrw==",
      "tarball": "https://registry.npmmirror.com/lodash.isnumber/-/lodash.isnumber-3.0.3.tgz"
    },
    "lodash.isplainobject@4.0.6": {
      "integrity": "sha512-oSXzaWypCMHkPC3NvBEaPHf0KsA5mvPrOPgQWDsbg8n7orZ290M0BmC/jgRZ4vcJ6DTAhjrsSYgdsW/F+MFOBA==",
      "tarball": "https://registry.npmmirror.com/lodash.isplainobject/-/lodash.isplainobject-4.0.6.tgz"
    },
    "lodash.isstring@4.0.1": {
      "integrity": "sha512-0wJxfxH1wgO3GrbuP+dTTk7op+6L41QCXbGINEmD+ny/G/eCqGzxyCsh7159S+mgDDcoarnBw6PC1PS5+wUGgw==",
      "tarball": "https://registry.npmmirror.com/lodash.isstring/-/lodash.isstring-4.0.1.tgz"
    },
    "lodash.once@4.1.1": {
      "integrity": "sha512-Sb487aTOCr9drQVL8pIxOzVhafOjZN9UU54hiN8PU3uAiSV7lx1yYNpbNmex2PK6dSJoNTSJUUswT651yww3Mg==",
      "tarball": "https://registry.npmmirror.com/lodash.once/-/lodash.once-4.1.1.tgz"
    },
    "long@5.3.2": {
      "integrity": "sha512-mNAgZ1GmyNhD7AuqnTG3/VQ26o760+ZYBPKjPvugO8+nLbYfX6TVpJPseBvopbdY+qpZ/lKUnmEc1LeZYS3QAA==",
      "tarball": "https://registry.npmmirror.com/long/-/long-5.3.2.tgz"
    },
    "lru.min@1.1.3": {
      "integrity": "sha512-Lkk/vx6ak3rYkRR0Nhu4lFUT2VDnQSxBe8Hbl7f36358p6ow8Bnvr8lrLt98H8J1aGxfhbX4Fs5tYg2+FTwr5Q==",
      "tarball": "https://registry.npmmirror.com/lru.min/-/lru.min-1.1.3.tgz"
    },
    "ms@2.1.3": {
      "integrity": "sha512-6FlzubTLZG3J2a/NVCAleEhjzq5oxgHyaCU9yYXvcLsvoVaHJq/s5xXI6/XXP6tz7R9xAOtHnSO/tXtF3WRTlA==",
      "tarball": "https://registry.npmmirror.com/ms/-/ms-2.1.3.tgz"
    },
    "mysql2@3.16.1": {
      "integrity": "sha512-b75qsDB3ieYEzMsT1uRGsztM/sy6vWPY40uPZlVVl8eefAotFCoS7jaDB5DxDNtlW5kdVGd9jptSpkvujNxI2A==",
      "dependencies": [
        "aws-ssl-profiles",
        "denque",
        "generate-function",
        "iconv-lite",
        "long",
        "lru.min",
        "named-placeholders",
        "seq-queue",
        "sqlstring"
      ],
      "tarball": "https://registry.npmmirror.com/mysql2/-/mysql2-3.16.1.tgz"
    },
    "named-placeholders@1.1.6": {
      "integrity": "sha512-Tz09sEL2EEuv5fFowm419c1+a/jSMiBjI9gHxVLrVdbUkkNUUfjsVYs9pVZu5oCon/kmRh9TfLEObFtkVxmY0w==",
      "dependencies": [
        "lru.min"
      ],
      "tarball": "https://registry.npmmirror.com/named-placeholders/-/named-placeholders-1.1.6.tgz"
    },
    "openapi-types@12.1.3": {
      "integrity": "sha512-N4YtSYJqghVu4iek2ZUvcN/0aqH1kRDuNqzcycDxhOUpg7GdvLa2F3DgS6yBNhInhv2r/6I0Flkn7CqL8+nIcw==",
      "tarball": "https://registry.npmmirror.com/openapi-types/-/openapi-types-12.1.3.tgz"
    },
    "preact-iso@2.11.1_preact@10.28.2_preact-render-to-string@6.6.5__preact@10.28.2": {
      "integrity": "sha512-rLy0RmzP/hrDjnFdnEblxFgKtzUj4njkHrpGJBGS7S4QuYw1zv0lA38qsWpeAAB10JAz/hF2CsHrLen9ufCtbw==",
      "dependencies": [
        "preact",
        "preact-render-to-string"
      ],
      "tarball": "https://registry.npmmirror.com/preact-iso/-/preact-iso-2.11.1.tgz"
    },
    "preact-render-to-string@6.6.5_preact@10.28.2": {
      "integrity": "sha512-O6MHzYNIKYaiSX3bOw0gGZfEbOmlIDtDfWwN1JJdc/T3ihzRT6tGGSEWE088dWrEDGa1u7101q+6fzQnO9XCPA==",
      "dependencies": [
        "preact"
      ],
      "tarball": "https://registry.npmmirror.com/preact-render-to-string/-/preact-render-to-string-6.6.5.tgz"
    },
    "preact@10.28.2": {
      "integrity": "sha512-lbteaWGzGHdlIuiJ0l2Jq454m6kcpI1zNje6d8MlGAFlYvP2GO4ibnat7P74Esfz4sPTdM6UxtTwh/d3pwM9JA==",
      "tarball": "https://registry.npmmirror.com/preact/-/preact-10.28.2.tgz"
    },
    "radash@12.1.1": {
      "integrity": "sha512-h36JMxKRqrAxVD8201FrCpyeNuUY9Y5zZwujr20fFO77tpUtGa6EZzfKw/3WaiBX95fq7+MpsuMLNdSnORAwSA==",
      "tarball": "https://registry.npmmirror.com/radash/-/radash-12.1.1.tgz"
    },
    "rou3@0.7.12": {
      "integrity": "sha512-iFE4hLDuloSWcD7mjdCDhx2bKcIsYbtOTpfH5MHHLSKMOUyjqQXTeZVa289uuwEGEKFoE/BAPbhaU4B774nceg==",
      "tarball": "https://registry.npmmirror.com/rou3/-/rou3-0.7.12.tgz"
    },
    "safe-buffer@5.2.1": {
      "integrity": "sha512-rp3So07KcdmmKbGvgaNxQSJr7bGVSVk5S9Eq1F+ppbRo70+YeaDxkw5Dd8NPN+GD6bjnYm2VuPuCXmpuYvmCXQ==",
      "tarball": "https://registry.npmmirror.com/safe-buffer/-/safe-buffer-5.2.1.tgz"
    },
    "safer-buffer@2.1.2": {
      "integrity": "sha512-YZo3K82SD7Riyi0E1EQPojLz7kpepnSQI9IyPbHHg1XXXevb5dJI7tpyN2ADxGcQbHG7vcyRHk0cbwqcQriUtg==",
      "tarball": "https://registry.npmmirror.com/safer-buffer/-/safer-buffer-2.1.2.tgz"
    },
    "semver@7.7.3": {
      "integrity": "sha512-SdsKMrI9TdgjdweUSR9MweHA4EJ8YxHn8DFaDisvhVlUOe4BF1tLD7GAj0lIqWVl+dPb/rExr0Btby5loQm20Q==",
      "bin": true,
      "tarball": "https://registry.npmmirror.com/semver/-/semver-7.7.3.tgz"
    },
    "seq-queue@0.0.5": {
      "integrity": "sha512-hr3Wtp/GZIc/6DAGPDcV4/9WoZhjrkXsi5B/07QgX8tsdc6ilr7BFM6PM6rbdAX1kFSDYeZGLipIZZKyQP0O5Q==",
      "tarball": "https://registry.npmmirror.com/seq-queue/-/seq-queue-0.0.5.tgz"
    },
    "sqlstring@2.3.3": {
      "integrity": "sha512-qC9iz2FlN7DQl3+wjwn3802RTyjCx7sDvfQEXchwa6CWOx07/WVfh91gBmQ9fahw8snwGEWU3xGzOt4tFyHLxg==",
      "tarball": "https://registry.npmmirror.com/sqlstring/-/sqlstring-2.3.3.tgz"
    },
    "tagged-tag@1.0.0": {
      "integrity": "sha512-yEFYrVhod+hdNyx7g5Bnkkb0G6si8HJurOoOEgC8B/O0uXLHlaey/65KRv6cuWBNhBgHKAROVpc7QyYqE5gFng==",
      "tarball": "https://registry.npmmirror.com/tagged-tag/-/tagged-tag-1.0.0.tgz"
    },
    "tailwind-merge@3.4.0": {
      "integrity": "sha512-uSaO4gnW+b3Y2aWoWfFpX62vn2sR3skfhbjsEnaBI81WD1wBLlHZe5sWf0AqjksNdYTbGBEd0UasQMT3SNV15g==",
      "tarball": "https://registry.npmmirror.com/tailwind-merge/-/tailwind-merge-3.4.0.tgz"
    },
    "type-fest@5.4.1": {
      "integrity": "sha512-xygQcmneDyzsEuKZrFbRMne5HDqMs++aFzefrJTgEIKjQ3rekM+RPfFCVq2Gp1VIDqddoYeppCj4Pcb+RZW0GQ==",
      "dependencies": [
        "tagged-tag"
      ],
      "tarball": "https://registry.npmmirror.com/type-fest/-/type-fest-5.4.1.tgz"
    },
    "undici-types@7.8.0": {
      "integrity": "sha512-9UJ2xGDvQ43tYyVMpuHlsgApydB8ZKfVYTsLDhXkFL/6gfkp+U8xTGdh8pMJv1SpZna0zxG1DwsKZsreLbXBxw==",
      "tarball": "https://registry.npmmirror.com/undici-types/-/undici-types-7.8.0.tgz"
    },
    "wildcard-match@5.1.4": {
      "integrity": "sha512-wldeCaczs8XXq7hj+5d/F38JE2r7EXgb6WQDM84RVwxy81T/sxB5e9+uZLK9Q9oNz1mlvjut+QtvgaOQFPVq/g==",
      "tarball": "https://registry.npmmirror.com/wildcard-match/-/wildcard-match-5.1.4.tgz"
    },
    "zod@4.3.5": {
      "integrity": "sha512-k7Nwx6vuWx1IJ9Bjuf4Zt1PEllcwe7cls3VNzm4CQ1/hgtFUK2bRNG3rvnpPUhFjmqJKAKtjV576KnUkHocg/g==",
      "tarball": "https://registry.npmmirror.com/zod/-/zod-4.3.5.tgz"
    }
  },
  "redirects": {
    "https://esm.sh/react@%3E=16.8.0?target=denonext": "https://esm.sh/react@19.2.3?target=denonext",
    "https://esm.sh/react@18.2.0rea": "https://esm.sh/react@19.2.3",
    "https://esm.sh/react@^19.2.0?target=denonext": "https://esm.sh/react@19.2.3?target=denonext",
    "https://esm.sh/use-sync-external-store@^1.0.0/shim/index?target=denonext": "https://esm.sh/use-sync-external-store@1.6.0/shim/index?target=denonext"
  },
  "remote": {
    "https://deno.land/std@0.185.0/_util/asserts.ts": "178dfc49a464aee693a7e285567b3d0b555dc805ff490505a8aae34f9cfb1462",
    "https://deno.land/std@0.185.0/flags/mod.ts": "4d829c5bd1d657799cdeb487c6e418960efc6f4d8ce6cadc38a54b9ce266160a",
    "https://deno.land/std@0.224.0/assert/_constants.ts": "a271e8ef5a573f1df8e822a6eb9d09df064ad66a4390f21b3e31f820a38e0975",
    "https://deno.land/std@0.224.0/assert/assert.ts": "09d30564c09de846855b7b071e62b5974b001bb72a4b797958fe0660e7849834",
    "https://deno.land/std@0.224.0/assert/assert_almost_equals.ts": "9e416114322012c9a21fa68e187637ce2d7df25bcbdbfd957cd639e65d3cf293",
    "https://deno.land/std@0.224.0/assert/assert_array_includes.ts": "14c5094471bc8e4a7895fc6aa5a184300d8a1879606574cb1cd715ef36a4a3c7",
    "https://deno.land/std@0.224.0/assert/assert_equals.ts": "3bbca947d85b9d374a108687b1a8ba3785a7850436b5a8930d81f34a32cb8c74",
    "https://deno.land/std@0.224.0/assert/assert_exists.ts": "43420cf7f956748ae6ed1230646567b3593cb7a36c5a5327269279c870c5ddfd",
    "https://deno.land/std@0.224.0/assert/assert_false.ts": "3e9be8e33275db00d952e9acb0cd29481a44fa0a4af6d37239ff58d79e8edeff",
    "https://deno.land/std@0.224.0/assert/assert_greater.ts": "5e57b201fd51b64ced36c828e3dfd773412c1a6120c1a5a99066c9b261974e46",
    "https://deno.land/std@0.224.0/assert/assert_greater_or_equal.ts": "9870030f997a08361b6f63400273c2fb1856f5db86c0c3852aab2a002e425c5b",
    "https://deno.land/std@0.224.0/assert/assert_instance_of.ts": "e22343c1fdcacfaea8f37784ad782683ec1cf599ae9b1b618954e9c22f376f2c",
    "https://deno.land/std@0.224.0/assert/assert_is_error.ts": "f856b3bc978a7aa6a601f3fec6603491ab6255118afa6baa84b04426dd3cc491",
    "https://deno.land/std@0.224.0/assert/assert_less.ts": "60b61e13a1982865a72726a5fa86c24fad7eb27c3c08b13883fb68882b307f68",
    "https://deno.land/std@0.224.0/assert/assert_less_or_equal.ts": "d2c84e17faba4afe085e6c9123a63395accf4f9e00150db899c46e67420e0ec3",
    "https://deno.land/std@0.224.0/assert/assert_match.ts": "ace1710dd3b2811c391946954234b5da910c5665aed817943d086d4d4871a8b7",
    "https://deno.land/std@0.224.0/assert/assert_not_equals.ts": "78d45dd46133d76ce624b2c6c09392f6110f0df9b73f911d20208a68dee2ef29",
    "https://deno.land/std@0.224.0/assert/assert_not_instance_of.ts": "3434a669b4d20cdcc5359779301a0588f941ffdc2ad68803c31eabdb4890cf7a",
    "https://deno.land/std@0.224.0/assert/assert_not_match.ts": "df30417240aa2d35b1ea44df7e541991348a063d9ee823430e0b58079a72242a",
    "https://deno.land/std@0.224.0/assert/assert_not_strict_equals.ts": "37f73880bd672709373d6dc2c5f148691119bed161f3020fff3548a0496f71b8",
    "https://deno.land/std@0.224.0/assert/assert_object_match.ts": "411450fd194fdaabc0089ae68f916b545a49d7b7e6d0026e84a54c9e7eed2693",
    "https://deno.land/std@0.224.0/assert/assert_rejects.ts": "4bee1d6d565a5b623146a14668da8f9eb1f026a4f338bbf92b37e43e0aa53c31",
    "https://deno.land/std@0.224.0/assert/assert_strict_equals.ts": "b4f45f0fd2e54d9029171876bd0b42dd9ed0efd8f853ab92a3f50127acfa54f5",
    "https://deno.land/std@0.224.0/assert/assert_string_includes.ts": "496b9ecad84deab72c8718735373feb6cdaa071eb91a98206f6f3cb4285e71b8",
    "https://deno.land/std@0.224.0/assert/assert_throws.ts": "c6508b2879d465898dab2798009299867e67c570d7d34c90a2d235e4553906eb",
    "https://deno.land/std@0.224.0/assert/assertion_error.ts": "ba8752bd27ebc51f723702fac2f54d3e94447598f54264a6653d6413738a8917",
    "https://deno.land/std@0.224.0/assert/equal.ts": "bddf07bb5fc718e10bb72d5dc2c36c1ce5a8bdd3b647069b6319e07af181ac47",
    "https://deno.land/std@0.224.0/assert/fail.ts": "0eba674ffb47dff083f02ced76d5130460bff1a9a68c6514ebe0cdea4abadb68",
    "https://deno.land/std@0.224.0/assert/mod.ts": "48b8cb8a619ea0b7958ad7ee9376500fe902284bb36f0e32c598c3dc34cbd6f3",
    "https://deno.land/std@0.224.0/assert/unimplemented.ts": "8c55a5793e9147b4f1ef68cd66496b7d5ba7a9e7ca30c6da070c1a58da723d73",
    "https://deno.land/std@0.224.0/assert/unreachable.ts": "5ae3dbf63ef988615b93eb08d395dda771c96546565f9e521ed86f6510c29e19",
    "https://deno.land/std@0.224.0/fmt/colors.ts": "508563c0659dd7198ba4bbf87e97f654af3c34eb56ba790260f252ad8012e1c5",
    "https://deno.land/std@0.224.0/internal/diff.ts": "6234a4b493ebe65dc67a18a0eb97ef683626a1166a1906232ce186ae9f65f4e6",
    "https://deno.land/std@0.224.0/internal/format.ts": "0a98ee226fd3d43450245b1844b47003419d34d210fa989900861c79820d21c2",
    "https://deno.land/std@0.224.0/internal/mod.ts": "534125398c8e7426183e12dc255bb635d94e06d0f93c60a297723abe69d3b22e",
    "https://esm.sh/react-dom@18.2.0/denonext/server.mjs": "8e60c3810ba398eae573a08bb0586fa6f026a039b22719c149426b8a898cd13f",
    "https://esm.sh/react-dom@18.2.0/server": "feae466060f42aa4d40a2566212814a3d4a04f11b7f84d4504273d15b780001f",
    "https://esm.sh/react@18.2.0": "fed8aeb7d240bb42a2167c9c7c6e842e128c7630cbcb08c4d61c9c1926f89c75",
    "https://esm.sh/react@18.2.0/denonext/react.mjs": "a986c2876dc2f73879f395e677dc34cb751f260e69db16364810655f884df173",
    "https://esm.sh/react@19.2.3": "622c0c887061c69d03591435705145bd4f6246ac0ab5a8bd272e6a727c1091ac",
    "https://esm.sh/react@19.2.3/denonext/react.mjs": "8f4fd01715d7101297f85f0acef35b95bf85ace4f146b98705b408997ced226b",
    "https://esm.sh/react@19.2.3?target=denonext": "622c0c887061c69d03591435705145bd4f6246ac0ab5a8bd272e6a727c1091ac",
    "https://esm.sh/use-sync-external-store@1.6.0/denonext/shim/index.mjs": "25edc8fac441d2f7943bb28143cc5b3860fd4c87352322f6e45ada888908a730",
    "https://esm.sh/use-sync-external-store@1.6.0/shim/index?target=denonext": "0bf4fa5efa41a5fac6753be77055a5bfdbde029e08896bcfa625c1aacc7238a7",
    "https://esm.sh/wouter@2.12.1": "a98c68938585219ff2c4f7a1a8154b75e1ed3e47e1d43e0a676e4e527410feba",
    "https://esm.sh/wouter@2.12.1/denonext/matcher.mjs": "efdaf34cba403202cc5d5be75c3692be893974490eefb9ae02e1aa4b69622c0c",
    "https://esm.sh/wouter@2.12.1/denonext/paths.mjs": "bd69ba27f1175f035663fdc808aa18bd018dccc81df01b5b1906278be9b85c99",
    "https://esm.sh/wouter@2.12.1/denonext/react-deps.mjs": "e4303d8f04ce55345c75c48332229dbd67016a0a5f4cce0b86f295800f67322b",
    "https://esm.sh/wouter@2.12.1/denonext/use-location.mjs": "04e054c43624cd9547c7dfd17aaaf2d67c91286df1ae9f87e916c310055183d8",
    "https://esm.sh/wouter@2.12.1/denonext/wouter.mjs": "1a9af9c86a95f33353fc338bde6727ba91fa9bb31b06196cc23671e12f77a2bb"
  },
  "workspace": {
    "members": {
      "libs/build": {
        "dependencies": [
          "jsr:@logtape/logtape@2",
          "jsr:@std/assert@1",
          "jsr:@std/dotenv@~0.225.6",
          "jsr:@std/fs@^1.0.21",
          "jsr:@std/path@^1.1.4",
          "npm:@orpc/openapi@^1.13.4",
          "npm:@orpc/server@^1.13.4",
          "npm:@orpc/zod@^1.13.4",
          "npm:hono@^4.11.4",
          "npm:kysely@~0.28.9",
          "npm:libsql@~0.5.22",
          "npm:mysql2@^3.16.1",
          "npm:preact-iso@^2.11.1",
          "npm:preact-render-to-string@^6.6.5",
          "npm:preact@^10.28.2",
          "npm:zod@^4.3.5"
        ]
      },
      "libs/shadcn": {
        "dependencies": [
          "npm:@preact/signals@^2.2.1",
          "npm:class-variance-authority@~0.7.1",
          "npm:clsx@^2.1.1",
          "npm:preact-iso@^2.11.1",
          "npm:preact@^10.26.6",
          "npm:tailwind-merge@^3.4.0",
          "npm:zod@^4.3.5"
        ]
      },
      "plugins/admin": {
        "dependencies": [
          "jsr:@std/fs@^1.0.21",
          "jsr:@std/path@^1.1.4",
          "npm:@orpc/client@^1.13.4",
          "npm:@orpc/openapi@^1.13.4",
          "npm:@orpc/server@^1.13.4",
          "npm:@orpc/zod@^1.13.4",
          "npm:@preact/signals@^2.5.1",
          "npm:class-variance-authority@~0.7.1",
          "npm:clsx@^2.1.1",
          "npm:hono@^4.11.4",
          "npm:jsonwebtoken@^9.0.3",
          "npm:preact-iso@^2.11.1",
          "npm:preact@^10.28.2",
          "npm:tailwind-merge@^3.4.0",
          "npm:zod@^4.3.5"
        ]
      },
      "plugins/shopxo/admin": {
        "dependencies": [
          "jsr:@std/fs@^1.0.21",
          "jsr:@std/path@^1.1.4",
          "npm:@orpc/client@^1.13.4",
          "npm:@orpc/openapi@^1.13.4",
          "npm:@orpc/server@^1.13.4",
          "npm:@orpc/zod@^1.13.4",
          "npm:@preact/signals@^2.5.1",
          "npm:class-variance-authority@~0.7.1",
          "npm:clsx@^2.1.1",
          "npm:hono@^4.11.4",
          "npm:kysely@~0.28.10",
          "npm:mysql2@^3.16.1",
          "npm:preact-iso@^2.11.1",
          "npm:preact@^10.28.2",
          "npm:tailwind-merge@^3.4.0",
          "npm:zod@^4.3.5"
        ]
      },
      "server": {
        "dependencies": [
          "jsr:@logtape/logtape@2",
          "jsr:@logtape/pretty@2",
          "jsr:@std/assert@1",
          "jsr:@std/cli@^1.0.25",
          "jsr:@std/dotenv@~0.225.6",
          "jsr:@std/fs@^1.0.21",
          "jsr:@std/path@^1.1.4",
          "npm:@orpc/client@^1.13.4",
          "npm:@orpc/openapi@^1.13.4",
          "npm:@orpc/server@^1.13.4",
          "npm:@orpc/zod@^1.13.4",
          "npm:@preact/signals@^2.5.1",
          "npm:class-variance-authority@~0.7.1",
          "npm:clsx@^2.1.1",
          "npm:hono@^4.11.4",
          "npm:kysely@~0.28.9",
          "npm:libsql@~0.5.22",
          "npm:mysql2@^3.16.0",
          "npm:preact-iso@^2.11.1",
          "npm:preact@^10.28.2",
          "npm:tailwind-merge@^3.4.0",
          "npm:zod@^4.3.5"
        ],
        "packageJson": {
          "dependencies": [
            "npm:@logtape/logtape@^1.3.6",
            "npm:@optique/logtape@~0.9.1"
          ]
        }
      }
    }
  }
}
